
Microsoft Visual Studio Solution File, Format Version 12.00
# Visual Studio 15
VisualStudioVersion = 15.0.27428.2043
MinimumVisualStudioVersion = 10.0.40219.1
Project("{FAE04EC0-301F-11D3-BF4B-00C04F79EFBC}") = "Smartplayer.Authorization.WebApi", "Smartplayer.Authorization.WebApi\Smartplayer.Authorization.WebApi.csproj", "{D1EFFB51-1B13-4E0F-8060-D715CD5D9029}"
EndProject
Global
	GlobalSection(SolutionConfigurationPlatforms) = preSolution
		Debug|Any CPU = Debug|Any CPU
		Release|Any CPU = Release|Any CPU
	EndGlobalSection
	GlobalSection(ProjectConfigurationPlatforms) = postSolution
		{D1EFFB51-1B13-4E0F-8060-D715CD5D9029}.Debug|Any CPU.ActiveCfg = Debug|Any CPU
		{D1EFFB51-1B13-4E0F-8060-D715CD5D9029}.Debug|Any CPU.Build.0 = Debug|Any CPU
		{D1EFFB51-1B13-4E0F-8060-D715CD5D9029}.Release|Any CPU.ActiveCfg = Release|Any CPU
		{D1EFFB51-1B13-4E0F-8060-D715CD5D9029}.Release|Any CPU.Build.0 = Release|Any CPU
	EndGlobalSection
	GlobalSection(SolutionProperties) = preSolution
		HideSolutionNode = FALSE
	EndGlobalSection
	GlobalSection(ExtensibilityGlobals) = postSolution
		SolutionGuid = {D9D665EB-2D2F-4909-BECA-125130D5544A}
	EndGlobalSection
EndGlobal
