
Microsoft Visual Studio Solution File, Format Version 12.00
# Visual Studio 15
VisualStudioVersion = 15.0.27428.2043
MinimumVisualStudioVersion = 10.0.40219.1
Project("{FAE04EC0-301F-11D3-BF4B-00C04F79EFBC}") = "Smartplayer.Authorization.WebApi", "Smartplayer.Authorization.WebApi\Smartplayer.Authorization.WebApi.csproj", "{C087BF2B-C31E-4FAF-9BE5-D7A568E6B874}"
EndProject
Project("{FAE04EC0-301F-11D3-BF4B-00C04F79EFBC}") = "Smartplayer.Common", "Smartplayer.Common\Smartplayer.Common.csproj", "{52AC0AB5-4EC4-444D-B7D0-C810B18BE1BC}"
EndProject
Global
	GlobalSection(SolutionConfigurationPlatforms) = preSolution
		Debug|Any CPU = Debug|Any CPU
		Release|Any CPU = Release|Any CPU
	EndGlobalSection
	GlobalSection(ProjectConfigurationPlatforms) = postSolution
		{C087BF2B-C31E-4FAF-9BE5-D7A568E6B874}.Debug|Any CPU.ActiveCfg = Debug|Any CPU
		{C087BF2B-C31E-4FAF-9BE5-D7A568E6B874}.Debug|Any CPU.Build.0 = Debug|Any CPU
		{C087BF2B-C31E-4FAF-9BE5-D7A568E6B874}.Release|Any CPU.ActiveCfg = Release|Any CPU
		{C087BF2B-C31E-4FAF-9BE5-D7A568E6B874}.Release|Any CPU.Build.0 = Release|Any CPU
		{52AC0AB5-4EC4-444D-B7D0-C810B18BE1BC}.Debug|Any CPU.ActiveCfg = Debug|Any CPU
		{52AC0AB5-4EC4-444D-B7D0-C810B18BE1BC}.Debug|Any CPU.Build.0 = Debug|Any CPU
		{52AC0AB5-4EC4-444D-B7D0-C810B18BE1BC}.Release|Any CPU.ActiveCfg = Release|Any CPU
		{52AC0AB5-4EC4-444D-B7D0-C810B18BE1BC}.Release|Any CPU.Build.0 = Release|Any CPU
	EndGlobalSection
	GlobalSection(SolutionProperties) = preSolution
		HideSolutionNode = FALSE
	EndGlobalSection
	GlobalSection(ExtensibilityGlobals) = postSolution
		SolutionGuid = {054E7D6C-9A75-48C0-91A9-8FFDB5D1E0DC}
	EndGlobalSection
EndGlobal
